// !$*UTF8*$!
{
	archiveVersion = 1;
	classes = {
	};
	objectVersion = 50;
	objects = {

/* Begin PBXBuildFile section */
		31B04A8539E9D07E53ECCF64 /* Pods_TestingPodsUITests.framework in Frameworks */ = {isa = PBXBuildFile; fileRef = A874D5586ACDE1D70E7F92E0 /* Pods_TestingPodsUITests.framework */; };
		5B52D11F193D6E9F80A566AB /* Pods_TestingPodsTests.framework in Frameworks */ = {isa = PBXBuildFile; fileRef = 9D4BC513801C4954B23A43E4 /* Pods_TestingPodsTests.framework */; };
		8827907E20ECC29F006A74EA /* AppDelegate.swift in Sources */ = {isa = PBXBuildFile; fileRef = 8827907D20ECC29F006A74EA /* AppDelegate.swift */; };
		8827908020ECC29F006A74EA /* ViewController.swift in Sources */ = {isa = PBXBuildFile; fileRef = 8827907F20ECC29F006A74EA /* ViewController.swift */; };
		8827908320ECC29F006A74EA /* Main.storyboard in Resources */ = {isa = PBXBuildFile; fileRef = 8827908120ECC29F006A74EA /* Main.storyboard */; };
		8827908520ECC2A2006A74EA /* Assets.xcassets in Resources */ = {isa = PBXBuildFile; fileRef = 8827908420ECC2A2006A74EA /* Assets.xcassets */; };
		8827908820ECC2A2006A74EA /* LaunchScreen.storyboard in Resources */ = {isa = PBXBuildFile; fileRef = 8827908620ECC2A2006A74EA /* LaunchScreen.storyboard */; };
		8827909320ECC2A2006A74EA /* TestingPodsTests.swift in Sources */ = {isa = PBXBuildFile; fileRef = 8827909220ECC2A2006A74EA /* TestingPodsTests.swift */; };
		8827909E20ECC2A2006A74EA /* TestingPodsUITests.swift in Sources */ = {isa = PBXBuildFile; fileRef = 8827909D20ECC2A2006A74EA /* TestingPodsUITests.swift */; };
		93E0BB60298FAA127986A56F /* Pods_TestingPods.framework in Frameworks */ = {isa = PBXBuildFile; fileRef = 562AE182B1416209D0FB32C9 /* Pods_TestingPods.framework */; };
/* End PBXBuildFile section */

/* Begin PBXContainerItemProxy section */
		8827908F20ECC2A2006A74EA /* PBXContainerItemProxy */ = {
			isa = PBXContainerItemProxy;
			containerPortal = 8827907220ECC29F006A74EA /* Project object */;
			proxyType = 1;
			remoteGlobalIDString = 8827907920ECC29F006A74EA;
			remoteInfo = TestingPods;
		};
		8827909A20ECC2A2006A74EA /* PBXContainerItemProxy */ = {
			isa = PBXContainerItemProxy;
			containerPortal = 8827907220ECC29F006A74EA /* Project object */;
			proxyType = 1;
			remoteGlobalIDString = 8827907920ECC29F006A74EA;
			remoteInfo = TestingPods;
		};
/* End PBXContainerItemProxy section */

/* Begin PBXFileReference section */
		1691476FDA4FF9AAD296AAD3 /* Pods-TestingPodsTests.release.xcconfig */ = {isa = PBXFileReference; includeInIndex = 1; lastKnownFileType = text.xcconfig; name = "Pods-TestingPodsTests.release.xcconfig"; path = "Pods/Target Support Files/Pods-TestingPodsTests/Pods-TestingPodsTests.release.xcconfig"; sourceTree = "<group>"; };
		25ECC8BC2A6B1240983E8904 /* Pods-TestingPodsUITests.release.xcconfig */ = {isa = PBXFileReference; includeInIndex = 1; lastKnownFileType = text.xcconfig; name = "Pods-TestingPodsUITests.release.xcconfig"; path = "Pods/Target Support Files/Pods-TestingPodsUITests/Pods-TestingPodsUITests.release.xcconfig"; sourceTree = "<group>"; };
		562AE182B1416209D0FB32C9 /* Pods_TestingPods.framework */ = {isa = PBXFileReference; explicitFileType = wrapper.framework; includeInIndex = 0; path = Pods_TestingPods.framework; sourceTree = BUILT_PRODUCTS_DIR; };
		59F699DAD431BA7928BFFAB7 /* Pods-TestingPods.release.xcconfig */ = {isa = PBXFileReference; includeInIndex = 1; lastKnownFileType = text.xcconfig; name = "Pods-TestingPods.release.xcconfig"; path = "Pods/Target Support Files/Pods-TestingPods/Pods-TestingPods.release.xcconfig"; sourceTree = "<group>"; };
		8827907A20ECC29F006A74EA /* TestingPods.app */ = {isa = PBXFileReference; explicitFileType = wrapper.application; includeInIndex = 0; path = TestingPods.app; sourceTree = BUILT_PRODUCTS_DIR; };
		8827907D20ECC29F006A74EA /* AppDelegate.swift */ = {isa = PBXFileReference; lastKnownFileType = sourcecode.swift; path = AppDelegate.swift; sourceTree = "<group>"; };
		8827907F20ECC29F006A74EA /* ViewController.swift */ = {isa = PBXFileReference; lastKnownFileType = sourcecode.swift; path = ViewController.swift; sourceTree = "<group>"; };
		8827908220ECC29F006A74EA /* Base */ = {isa = PBXFileReference; lastKnownFileType = file.storyboard; name = Base; path = Base.lproj/Main.storyboard; sourceTree = "<group>"; };
		8827908420ECC2A2006A74EA /* Assets.xcassets */ = {isa = PBXFileReference; lastKnownFileType = folder.assetcatalog; path = Assets.xcassets; sourceTree = "<group>"; };
		8827908720ECC2A2006A74EA /* Base */ = {isa = PBXFileReference; lastKnownFileType = file.storyboard; name = Base; path = Base.lproj/LaunchScreen.storyboard; sourceTree = "<group>"; };
		8827908920ECC2A2006A74EA /* Info.plist */ = {isa = PBXFileReference; lastKnownFileType = text.plist.xml; path = Info.plist; sourceTree = "<group>"; };
		8827908E20ECC2A2006A74EA /* TestingPodsTests.xctest */ = {isa = PBXFileReference; explicitFileType = wrapper.cfbundle; includeInIndex = 0; path = TestingPodsTests.xctest; sourceTree = BUILT_PRODUCTS_DIR; };
		8827909220ECC2A2006A74EA /* TestingPodsTests.swift */ = {isa = PBXFileReference; lastKnownFileType = sourcecode.swift; path = TestingPodsTests.swift; sourceTree = "<group>"; };
		8827909420ECC2A2006A74EA /* Info.plist */ = {isa = PBXFileReference; lastKnownFileType = text.plist.xml; path = Info.plist; sourceTree = "<group>"; };
		8827909920ECC2A2006A74EA /* TestingPodsUITests.xctest */ = {isa = PBXFileReference; explicitFileType = wrapper.cfbundle; includeInIndex = 0; path = TestingPodsUITests.xctest; sourceTree = BUILT_PRODUCTS_DIR; };
		8827909D20ECC2A2006A74EA /* TestingPodsUITests.swift */ = {isa = PBXFileReference; lastKnownFileType = sourcecode.swift; path = TestingPodsUITests.swift; sourceTree = "<group>"; };
		8827909F20ECC2A2006A74EA /* Info.plist */ = {isa = PBXFileReference; lastKnownFileType = text.plist.xml; path = Info.plist; sourceTree = "<group>"; };
		9B64E9CF1F5640ABC0A20A55 /* Pods-TestingPods.debug.xcconfig */ = {isa = PBXFileReference; includeInIndex = 1; lastKnownFileType = text.xcconfig; name = "Pods-TestingPods.debug.xcconfig"; path = "Pods/Target Support Files/Pods-TestingPods/Pods-TestingPods.debug.xcconfig"; sourceTree = "<group>"; };
		9D4BC513801C4954B23A43E4 /* Pods_TestingPodsTests.framework */ = {isa = PBXFileReference; explicitFileType = wrapper.framework; includeInIndex = 0; path = Pods_TestingPodsTests.framework; sourceTree = BUILT_PRODUCTS_DIR; };
		A874D5586ACDE1D70E7F92E0 /* Pods_TestingPodsUITests.framework */ = {isa = PBXFileReference; explicitFileType = wrapper.framework; includeInIndex = 0; path = Pods_TestingPodsUITests.framework; sourceTree = BUILT_PRODUCTS_DIR; };
		B97C38512800F796A95C5383 /* Pods-TestingPodsUITests.debug.xcconfig */ = {isa = PBXFileReference; includeInIndex = 1; lastKnownFileType = text.xcconfig; name = "Pods-TestingPodsUITests.debug.xcconfig"; path = "Pods/Target Support Files/Pods-TestingPodsUITests/Pods-TestingPodsUITests.debug.xcconfig"; sourceTree = "<group>"; };
		E95C30D8A3D7AF985CE8208E /* Pods-TestingPodsTests.debug.xcconfig */ = {isa = PBXFileReference; includeInIndex = 1; lastKnownFileType = text.xcconfig; name = "Pods-TestingPodsTests.debug.xcconfig"; path = "Pods/Target Support Files/Pods-TestingPodsTests/Pods-TestingPodsTests.debug.xcconfig"; sourceTree = "<group>"; };
/* End PBXFileReference section */

/* Begin PBXFrameworksBuildPhase section */
		8827907720ECC29F006A74EA /* Frameworks */ = {
			isa = PBXFrameworksBuildPhase;
			buildActionMask = 2147483647;
			files = (
				93E0BB60298FAA127986A56F /* Pods_TestingPods.framework in Frameworks */,
			);
			runOnlyForDeploymentPostprocessing = 0;
		};
		8827908B20ECC2A2006A74EA /* Frameworks */ = {
			isa = PBXFrameworksBuildPhase;
			buildActionMask = 2147483647;
			files = (
				5B52D11F193D6E9F80A566AB /* Pods_TestingPodsTests.framework in Frameworks */,
			);
			runOnlyForDeploymentPostprocessing = 0;
		};
		8827909620ECC2A2006A74EA /* Frameworks */ = {
			isa = PBXFrameworksBuildPhase;
			buildActionMask = 2147483647;
			files = (
				31B04A8539E9D07E53ECCF64 /* Pods_TestingPodsUITests.framework in Frameworks */,
			);
			runOnlyForDeploymentPostprocessing = 0;
		};
/* End PBXFrameworksBuildPhase section */

/* Begin PBXGroup section */
		281F964C6FB7301F8E66F0DF /* Frameworks */ = {
			isa = PBXGroup;
			children = (
				562AE182B1416209D0FB32C9 /* Pods_TestingPods.framework */,
				9D4BC513801C4954B23A43E4 /* Pods_TestingPodsTests.framework */,
				A874D5586ACDE1D70E7F92E0 /* Pods_TestingPodsUITests.framework */,
			);
			name = Frameworks;
			sourceTree = "<group>";
		};
		6E196CD18259EAC0B424C1E8 /* Pods */ = {
			isa = PBXGroup;
			children = (
				9B64E9CF1F5640ABC0A20A55 /* Pods-TestingPods.debug.xcconfig */,
				59F699DAD431BA7928BFFAB7 /* Pods-TestingPods.release.xcconfig */,
				E95C30D8A3D7AF985CE8208E /* Pods-TestingPodsTests.debug.xcconfig */,
				1691476FDA4FF9AAD296AAD3 /* Pods-TestingPodsTests.release.xcconfig */,
				B97C38512800F796A95C5383 /* Pods-TestingPodsUITests.debug.xcconfig */,
				25ECC8BC2A6B1240983E8904 /* Pods-TestingPodsUITests.release.xcconfig */,
			);
			name = Pods;
			sourceTree = "<group>";
		};
		8827907120ECC29F006A74EA = {
			isa = PBXGroup;
			children = (
				8827907C20ECC29F006A74EA /* TestingPods */,
				8827909120ECC2A2006A74EA /* TestingPodsTests */,
				8827909C20ECC2A2006A74EA /* TestingPodsUITests */,
				8827907B20ECC29F006A74EA /* Products */,
				6E196CD18259EAC0B424C1E8 /* Pods */,
				281F964C6FB7301F8E66F0DF /* Frameworks */,
			);
			sourceTree = "<group>";
		};
		8827907B20ECC29F006A74EA /* Products */ = {
			isa = PBXGroup;
			children = (
				8827907A20ECC29F006A74EA /* TestingPods.app */,
				8827908E20ECC2A2006A74EA /* TestingPodsTests.xctest */,
				8827909920ECC2A2006A74EA /* TestingPodsUITests.xctest */,
			);
			name = Products;
			sourceTree = "<group>";
		};
		8827907C20ECC29F006A74EA /* TestingPods */ = {
			isa = PBXGroup;
			children = (
				8827907D20ECC29F006A74EA /* AppDelegate.swift */,
				8827907F20ECC29F006A74EA /* ViewController.swift */,
				8827908120ECC29F006A74EA /* Main.storyboard */,
				8827908420ECC2A2006A74EA /* Assets.xcassets */,
				8827908620ECC2A2006A74EA /* LaunchScreen.storyboard */,
				8827908920ECC2A2006A74EA /* Info.plist */,
			);
			path = TestingPods;
			sourceTree = "<group>";
		};
		8827909120ECC2A2006A74EA /* TestingPodsTests */ = {
			isa = PBXGroup;
			children = (
				8827909220ECC2A2006A74EA /* TestingPodsTests.swift */,
				8827909420ECC2A2006A74EA /* Info.plist */,
			);
			path = TestingPodsTests;
			sourceTree = "<group>";
		};
		8827909C20ECC2A2006A74EA /* TestingPodsUITests */ = {
			isa = PBXGroup;
			children = (
				8827909D20ECC2A2006A74EA /* TestingPodsUITests.swift */,
				8827909F20ECC2A2006A74EA /* Info.plist */,
			);
			path = TestingPodsUITests;
			sourceTree = "<group>";
		};
/* End PBXGroup section */

/* Begin PBXNativeTarget section */
		8827907920ECC29F006A74EA /* TestingPods */ = {
			isa = PBXNativeTarget;
			buildConfigurationList = 882790A220ECC2A2006A74EA /* Build configuration list for PBXNativeTarget "TestingPods" */;
			buildPhases = (
				70981201673B604FC62E5E82 /* [CP] Check Pods Manifest.lock */,
				8827907620ECC29F006A74EA /* Sources */,
				8827907720ECC29F006A74EA /* Frameworks */,
				8827907820ECC29F006A74EA /* Resources */,
				F2971BD0B037E836C302991C /* [CP] Embed Pods Frameworks */,
			);
			buildRules = (
			);
			dependencies = (
			);
			name = TestingPods;
			productName = TestingPods;
			productReference = 8827907A20ECC29F006A74EA /* TestingPods.app */;
			productType = "com.apple.product-type.application";
		};
		8827908D20ECC2A2006A74EA /* TestingPodsTests */ = {
			isa = PBXNativeTarget;
			buildConfigurationList = 882790A520ECC2A2006A74EA /* Build configuration list for PBXNativeTarget "TestingPodsTests" */;
			buildPhases = (
				CC3B413E3ECD2BD8C4D9089C /* [CP] Check Pods Manifest.lock */,
				8827908A20ECC2A2006A74EA /* Sources */,
				8827908B20ECC2A2006A74EA /* Frameworks */,
				8827908C20ECC2A2006A74EA /* Resources */,
				07CAADA7FBAC728418D428AC /* [CP] Embed Pods Frameworks */,
			);
			buildRules = (
			);
			dependencies = (
				8827909020ECC2A2006A74EA /* PBXTargetDependency */,
			);
			name = TestingPodsTests;
			productName = TestingPodsTests;
			productReference = 8827908E20ECC2A2006A74EA /* TestingPodsTests.xctest */;
			productType = "com.apple.product-type.bundle.unit-test";
		};
		8827909820ECC2A2006A74EA /* TestingPodsUITests */ = {
			isa = PBXNativeTarget;
			buildConfigurationList = 882790A820ECC2A2006A74EA /* Build configuration list for PBXNativeTarget "TestingPodsUITests" */;
			buildPhases = (
				DAF9C57BAC47076896C4BA75 /* [CP] Check Pods Manifest.lock */,
				8827909520ECC2A2006A74EA /* Sources */,
				8827909620ECC2A2006A74EA /* Frameworks */,
				8827909720ECC2A2006A74EA /* Resources */,
				D397133ED595A27D22651FC9 /* [CP] Embed Pods Frameworks */,
			);
			buildRules = (
			);
			dependencies = (
				8827909B20ECC2A2006A74EA /* PBXTargetDependency */,
			);
			name = TestingPodsUITests;
			productName = TestingPodsUITests;
			productReference = 8827909920ECC2A2006A74EA /* TestingPodsUITests.xctest */;
			productType = "com.apple.product-type.bundle.ui-testing";
		};
/* End PBXNativeTarget section */

/* Begin PBXProject section */
		8827907220ECC29F006A74EA /* Project object */ = {
			isa = PBXProject;
			attributes = {
				LastSwiftUpdateCheck = 0930;
				LastUpgradeCheck = 0930;
				ORGANIZATIONNAME = SPHIERE;
				TargetAttributes = {
					8827907920ECC29F006A74EA = {
						CreatedOnToolsVersion = 9.3;
					};
					8827908D20ECC2A2006A74EA = {
						CreatedOnToolsVersion = 9.3;
						TestTargetID = 8827907920ECC29F006A74EA;
					};
					8827909820ECC2A2006A74EA = {
						CreatedOnToolsVersion = 9.3;
						TestTargetID = 8827907920ECC29F006A74EA;
					};
				};
			};
			buildConfigurationList = 8827907520ECC29F006A74EA /* Build configuration list for PBXProject "TestingPods" */;
			compatibilityVersion = "Xcode 9.3";
			developmentRegion = en;
			hasScannedForEncodings = 0;
			knownRegions = (
				en,
				Base,
			);
			mainGroup = 8827907120ECC29F006A74EA;
			productRefGroup = 8827907B20ECC29F006A74EA /* Products */;
			projectDirPath = "";
			projectRoot = "";
			targets = (
				8827907920ECC29F006A74EA /* TestingPods */,
				8827908D20ECC2A2006A74EA /* TestingPodsTests */,
				8827909820ECC2A2006A74EA /* TestingPodsUITests */,
			);
		};
/* End PBXProject section */

/* Begin PBXResourcesBuildPhase section */
		8827907820ECC29F006A74EA /* Resources */ = {
			isa = PBXResourcesBuildPhase;
			buildActionMask = 2147483647;
			files = (
				8827908820ECC2A2006A74EA /* LaunchScreen.storyboard in Resources */,
				8827908520ECC2A2006A74EA /* Assets.xcassets in Resources */,
				8827908320ECC29F006A74EA /* Main.storyboard in Resources */,
			);
			runOnlyForDeploymentPostprocessing = 0;
		};
		8827908C20ECC2A2006A74EA /* Resources */ = {
			isa = PBXResourcesBuildPhase;
			buildActionMask = 2147483647;
			files = (
			);
			runOnlyForDeploymentPostprocessing = 0;
		};
		8827909720ECC2A2006A74EA /* Resources */ = {
			isa = PBXResourcesBuildPhase;
			buildActionMask = 2147483647;
			files = (
			);
			runOnlyForDeploymentPostprocessing = 0;
		};
/* End PBXResourcesBuildPhase section */

/* Begin PBXShellScriptBuildPhase section */
		07CAADA7FBAC728418D428AC /* [CP] Embed Pods Frameworks */ = {
			isa = PBXShellScriptBuildPhase;
			buildActionMask = 2147483647;
			files = (
			);
			inputPaths = (
				"${SRCROOT}/Pods/Target Support Files/Pods-TestingPodsTests/Pods-TestingPodsTests-frameworks.sh",
				"${BUILT_PRODUCTS_DIR}/Alamofire/Alamofire.framework",
				"${BUILT_PRODUCTS_DIR}/CarouselSwift/CarouselSwift.framework",
			);
			name = "[CP] Embed Pods Frameworks";
			outputPaths = (
				"${TARGET_BUILD_DIR}/${FRAMEWORKS_FOLDER_PATH}/Alamofire.framework",
				"${TARGET_BUILD_DIR}/${FRAMEWORKS_FOLDER_PATH}/CarouselSwift.framework",
			);
			runOnlyForDeploymentPostprocessing = 0;
			shellPath = /bin/sh;
			shellScript = "\"${SRCROOT}/Pods/Target Support Files/Pods-TestingPodsTests/Pods-TestingPodsTests-frameworks.sh\"\n";
			showEnvVarsInLog = 0;
		};
		70981201673B604FC62E5E82 /* [CP] Check Pods Manifest.lock */ = {
			isa = PBXShellScriptBuildPhase;
			buildActionMask = 2147483647;
			files = (
			);
			inputPaths = (
				"${PODS_PODFILE_DIR_PATH}/Podfile.lock",
				"${PODS_ROOT}/Manifest.lock",
			);
			name = "[CP] Check Pods Manifest.lock";
			outputPaths = (
				"$(DERIVED_FILE_DIR)/Pods-TestingPods-checkManifestLockResult.txt",
			);
			runOnlyForDeploymentPostprocessing = 0;
			shellPath = /bin/sh;
			shellScript = "diff \"${PODS_PODFILE_DIR_PATH}/Podfile.lock\" \"${PODS_ROOT}/Manifest.lock\" > /dev/null\nif [ $? != 0 ] ; then\n    # print error to STDERR\n    echo \"error: The sandbox is not in sync with the Podfile.lock. Run 'pod install' or update your CocoaPods installation.\" >&2\n    exit 1\nfi\n# This output is used by Xcode 'outputs' to avoid re-running this script phase.\necho \"SUCCESS\" > \"${SCRIPT_OUTPUT_FILE_0}\"\n";
			showEnvVarsInLog = 0;
		};
		CC3B413E3ECD2BD8C4D9089C /* [CP] Check Pods Manifest.lock */ = {
			isa = PBXShellScriptBuildPhase;
			buildActionMask = 2147483647;
			files = (
			);
			inputPaths = (
				"${PODS_PODFILE_DIR_PATH}/Podfile.lock",
				"${PODS_ROOT}/Manifest.lock",
			);
			name = "[CP] Check Pods Manifest.lock";
			outputPaths = (
				"$(DERIVED_FILE_DIR)/Pods-TestingPodsTests-checkManifestLockResult.txt",
			);
			runOnlyForDeploymentPostprocessing = 0;
			shellPath = /bin/sh;
			shellScript = "diff \"${PODS_PODFILE_DIR_PATH}/Podfile.lock\" \"${PODS_ROOT}/Manifest.lock\" > /dev/null\nif [ $? != 0 ] ; then\n    # print error to STDERR\n    echo \"error: The sandbox is not in sync with the Podfile.lock. Run 'pod install' or update your CocoaPods installation.\" >&2\n    exit 1\nfi\n# This output is used by Xcode 'outputs' to avoid re-running this script phase.\necho \"SUCCESS\" > \"${SCRIPT_OUTPUT_FILE_0}\"\n";
			showEnvVarsInLog = 0;
		};
		D397133ED595A27D22651FC9 /* [CP] Embed Pods Frameworks */ = {
			isa = PBXShellScriptBuildPhase;
			buildActionMask = 2147483647;
			files = (
			);
			inputPaths = (
				"${SRCROOT}/Pods/Target Support Files/Pods-TestingPodsUITests/Pods-TestingPodsUITests-frameworks.sh",
				"${BUILT_PRODUCTS_DIR}/Alamofire/Alamofire.framework",
				"${BUILT_PRODUCTS_DIR}/CarouselSwift/CarouselSwift.framework",
			);
			name = "[CP] Embed Pods Frameworks";
			outputPaths = (
				"${TARGET_BUILD_DIR}/${FRAMEWORKS_FOLDER_PATH}/Alamofire.framework",
				"${TARGET_BUILD_DIR}/${FRAMEWORKS_FOLDER_PATH}/CarouselSwift.framework",
			);
			runOnlyForDeploymentPostprocessing = 0;
			shellPath = /bin/sh;
			shellScript = "\"${SRCROOT}/Pods/Target Support Files/Pods-TestingPodsUITests/Pods-TestingPodsUITests-frameworks.sh\"\n";
			showEnvVarsInLog = 0;
		};
		DAF9C57BAC47076896C4BA75 /* [CP] Check Pods Manifest.lock */ = {
			isa = PBXShellScriptBuildPhase;
			buildActionMask = 2147483647;
			files = (
			);
			inputPaths = (
				"${PODS_PODFILE_DIR_PATH}/Podfile.lock",
				"${PODS_ROOT}/Manifest.lock",
			);
			name = "[CP] Check Pods Manifest.lock";
			outputPaths = (
				"$(DERIVED_FILE_DIR)/Pods-TestingPodsUITests-checkManifestLockResult.txt",
			);
			runOnlyForDeploymentPostprocessing = 0;
			shellPath = /bin/sh;
			shellScript = "diff \"${PODS_PODFILE_DIR_PATH}/Podfile.lock\" \"${PODS_ROOT}/Manifest.lock\" > /dev/null\nif [ $? != 0 ] ; then\n    # print error to STDERR\n    echo \"error: The sandbox is not in sync with the Podfile.lock. Run 'pod install' or update your CocoaPods installation.\" >&2\n    exit 1\nfi\n# This output is used by Xcode 'outputs' to avoid re-running this script phase.\necho \"SUCCESS\" > \"${SCRIPT_OUTPUT_FILE_0}\"\n";
			showEnvVarsInLog = 0;
		};
		F2971BD0B037E836C302991C /* [CP] Embed Pods Frameworks */ = {
			isa = PBXShellScriptBuildPhase;
			buildActionMask = 2147483647;
			files = (
			);
			inputPaths = (
				"${SRCROOT}/Pods/Target Support Files/Pods-TestingPods/Pods-TestingPods-frameworks.sh",
				"${BUILT_PRODUCTS_DIR}/Alamofire/Alamofire.framework",
				"${BUILT_PRODUCTS_DIR}/CarouselSwift/CarouselSwift.framework",
			);
			name = "[CP] Embed Pods Frameworks";
			outputPaths = (
				"${TARGET_BUILD_DIR}/${FRAMEWORKS_FOLDER_PATH}/Alamofire.framework",
				"${TARGET_BUILD_DIR}/${FRAMEWORKS_FOLDER_PATH}/CarouselSwift.framework",
			);
			runOnlyForDeploymentPostprocessing = 0;
			shellPath = /bin/sh;
			shellScript = "\"${SRCROOT}/Pods/Target Support Files/Pods-TestingPods/Pods-TestingPods-frameworks.sh\"\n";
			showEnvVarsInLog = 0;
		};
/* End PBXShellScriptBuildPhase section */

/* Begin PBXSourcesBuildPhase section */
		8827907620ECC29F006A74EA /* Sources */ = {
			isa = PBXSourcesBuildPhase;
			buildActionMask = 2147483647;
			files = (
				8827908020ECC29F006A74EA /* ViewController.swift in Sources */,
				8827907E20ECC29F006A74EA /* AppDelegate.swift in Sources */,
			);
			runOnlyForDeploymentPostprocessing = 0;
		};
		8827908A20ECC2A2006A74EA /* Sources */ = {
			isa = PBXSourcesBuildPhase;
			buildActionMask = 2147483647;
			files = (
				8827909320ECC2A2006A74EA /* TestingPodsTests.swift in Sources */,
			);
			runOnlyForDeploymentPostprocessing = 0;
		};
		8827909520ECC2A2006A74EA /* Sources */ = {
			isa = PBXSourcesBuildPhase;
			buildActionMask = 2147483647;
			files = (
				8827909E20ECC2A2006A74EA /* TestingPodsUITests.swift in Sources */,
			);
			runOnlyForDeploymentPostprocessing = 0;
		};
/* End PBXSourcesBuildPhase section */

/* Begin PBXTargetDependency section */
		8827909020ECC2A2006A74EA /* PBXTargetDependency */ = {
			isa = PBXTargetDependency;
			target = 8827907920ECC29F006A74EA /* TestingPods */;
			targetProxy = 8827908F20ECC2A2006A74EA /* PBXContainerItemProxy */;
		};
		8827909B20ECC2A2006A74EA /* PBXTargetDependency */ = {
			isa = PBXTargetDependency;
			target = 8827907920ECC29F006A74EA /* TestingPods */;
			targetProxy = 8827909A20ECC2A2006A74EA /* PBXContainerItemProxy */;
		};
/* End PBXTargetDependency section */

/* Begin PBXVariantGroup section */
		8827908120ECC29F006A74EA /* Main.storyboard */ = {
			isa = PBXVariantGroup;
			children = (
				8827908220ECC29F006A74EA /* Base */,
			);
			name = Main.storyboard;
			sourceTree = "<group>";
		};
		8827908620ECC2A2006A74EA /* LaunchScreen.storyboard */ = {
			isa = PBXVariantGroup;
			children = (
				8827908720ECC2A2006A74EA /* Base */,
			);
			name = LaunchScreen.storyboard;
			sourceTree = "<group>";
		};
/* End PBXVariantGroup section */

/* Begin XCBuildConfiguration section */
		882790A020ECC2A2006A74EA /* Debug */ = {
			isa = XCBuildConfiguration;
			buildSettings = {
				ALWAYS_SEARCH_USER_PATHS = NO;
				CLANG_ANALYZER_NONNULL = YES;
				CLANG_ANALYZER_NUMBER_OBJECT_CONVERSION = YES_AGGRESSIVE;
				CLANG_CXX_LANGUAGE_STANDARD = "gnu++14";
				CLANG_CXX_LIBRARY = "libc++";
				CLANG_ENABLE_MODULES = YES;
				CLANG_ENABLE_OBJC_ARC = YES;
				CLANG_ENABLE_OBJC_WEAK = YES;
				CLANG_WARN_BLOCK_CAPTURE_AUTORELEASING = YES;
				CLANG_WARN_BOOL_CONVERSION = YES;
				CLANG_WARN_COMMA = YES;
				CLANG_WARN_CONSTANT_CONVERSION = YES;
				CLANG_WARN_DEPRECATED_OBJC_IMPLEMENTATIONS = YES;
				CLANG_WARN_DIRECT_OBJC_ISA_USAGE = YES_ERROR;
				CLANG_WARN_DOCUMENTATION_COMMENTS = YES;
				CLANG_WARN_EMPTY_BODY = YES;
				CLANG_WARN_ENUM_CONVERSION = YES;
				CLANG_WARN_INFINITE_RECURSION = YES;
				CLANG_WARN_INT_CONVERSION = YES;
				CLANG_WARN_NON_LITERAL_NULL_CONVERSION = YES;
				CLANG_WARN_OBJC_IMPLICIT_RETAIN_SELF = YES;
				CLANG_WARN_OBJC_LITERAL_CONVERSION = YES;
				CLANG_WARN_OBJC_ROOT_CLASS = YES_ERROR;
				CLANG_WARN_RANGE_LOOP_ANALYSIS = YES;
				CLANG_WARN_STRICT_PROTOTYPES = YES;
				CLANG_WARN_SUSPICIOUS_MOVE = YES;
				CLANG_WARN_UNGUARDED_AVAILABILITY = YES_AGGRESSIVE;
				CLANG_WARN_UNREACHABLE_CODE = YES;
				CLANG_WARN__DUPLICATE_METHOD_MATCH = YES;
				CODE_SIGN_IDENTITY = "iPhone Developer";
				COPY_PHASE_STRIP = NO;
				DEBUG_INFORMATION_FORMAT = dwarf;
				ENABLE_STRICT_OBJC_MSGSEND = YES;
				ENABLE_TESTABILITY = YES;
				GCC_C_LANGUAGE_STANDARD = gnu11;
				GCC_DYNAMIC_NO_PIC = NO;
				GCC_NO_COMMON_BLOCKS = YES;
				GCC_OPTIMIZATION_LEVEL = 0;
				GCC_PREPROCESSOR_DEFINITIONS = (
					"DEBUG=1",
					"$(inherited)",
				);
				GCC_WARN_64_TO_32_BIT_CONVERSION = YES;
				GCC_WARN_ABOUT_RETURN_TYPE = YES_ERROR;
				GCC_WARN_UNDECLARED_SELECTOR = YES;
				GCC_WARN_UNINITIALIZED_AUTOS = YES_AGGRESSIVE;
				GCC_WARN_UNUSED_FUNCTION = YES;
				GCC_WARN_UNUSED_VARIABLE = YES;
				IPHONEOS_DEPLOYMENT_TARGET = 11.3;
				MTL_ENABLE_DEBUG_INFO = YES;
				ONLY_ACTIVE_ARCH = YES;
				SDKROOT = iphoneos;
				SWIFT_ACTIVE_COMPILATION_CONDITIONS = DEBUG;
				SWIFT_OPTIMIZATION_LEVEL = "-Onone";
			};
			name = Debug;
		};
		882790A120ECC2A2006A74EA /* Release */ = {
			isa = XCBuildConfiguration;
			buildSettings = {
				ALWAYS_SEARCH_USER_PATHS = NO;
				CLANG_ANALYZER_NONNULL = YES;
				CLANG_ANALYZER_NUMBER_OBJECT_CONVERSION = YES_AGGRESSIVE;
				CLANG_CXX_LANGUAGE_STANDARD = "gnu++14";
				CLANG_CXX_LIBRARY = "libc++";
				CLANG_ENABLE_MODULES = YES;
				CLANG_ENABLE_OBJC_ARC = YES;
				CLANG_ENABLE_OBJC_WEAK = YES;
				CLANG_WARN_BLOCK_CAPTURE_AUTORELEASING = YES;
				CLANG_WARN_BOOL_CONVERSION = YES;
				CLANG_WARN_COMMA = YES;
				CLANG_WARN_CONSTANT_CONVERSION = YES;
				CLANG_WARN_DEPRECATED_OBJC_IMPLEMENTATIONS = YES;
				CLANG_WARN_DIRECT_OBJC_ISA_USAGE = YES_ERROR;
				CLANG_WARN_DOCUMENTATION_COMMENTS = YES;
				CLANG_WARN_EMPTY_BODY = YES;
				CLANG_WARN_ENUM_CONVERSION = YES;
				CLANG_WARN_INFINITE_RECURSION = YES;
				CLANG_WARN_INT_CONVERSION = YES;
				CLANG_WARN_NON_LITERAL_NULL_CONVERSION = YES;
				CLANG_WARN_OBJC_IMPLICIT_RETAIN_SELF = YES;
				CLANG_WARN_OBJC_LITERAL_CONVERSION = YES;
				CLANG_WARN_OBJC_ROOT_CLASS = YES_ERROR;
				CLANG_WARN_RANGE_LOOP_ANALYSIS = YES;
				CLANG_WARN_STRICT_PROTOTYPES = YES;
				CLANG_WARN_SUSPICIOUS_MOVE = YES;
				CLANG_WARN_UNGUARDED_AVAILABILITY = YES_AGGRESSIVE;
				CLANG_WARN_UNREACHABLE_CODE = YES;
				CLANG_WARN__DUPLICATE_METHOD_MATCH = YES;
				CODE_SIGN_IDENTITY = "iPhone Developer";
				COPY_PHASE_STRIP = NO;
				DEBUG_INFORMATION_FORMAT = "dwarf-with-dsym";
				ENABLE_NS_ASSERTIONS = NO;
				ENABLE_STRICT_OBJC_MSGSEND = YES;
				GCC_C_LANGUAGE_STANDARD = gnu11;
				GCC_NO_COMMON_BLOCKS = YES;
				GCC_WARN_64_TO_32_BIT_CONVERSION = YES;
				GCC_WARN_ABOUT_RETURN_TYPE = YES_ERROR;
				GCC_WARN_UNDECLARED_SELECTOR = YES;
				GCC_WARN_UNINITIALIZED_AUTOS = YES_AGGRESSIVE;
				GCC_WARN_UNUSED_FUNCTION = YES;
				GCC_WARN_UNUSED_VARIABLE = YES;
				IPHONEOS_DEPLOYMENT_TARGET = 11.3;
				MTL_ENABLE_DEBUG_INFO = NO;
				SDKROOT = iphoneos;
				SWIFT_COMPILATION_MODE = wholemodule;
				SWIFT_OPTIMIZATION_LEVEL = "-O";
				VALIDATE_PRODUCT = YES;
			};
			name = Release;
		};
		882790A320ECC2A2006A74EA /* Debug */ = {
			isa = XCBuildConfiguration;
			baseConfigurationReference = 9B64E9CF1F5640ABC0A20A55 /* Pods-TestingPods.debug.xcconfig */;
			buildSettings = {
				ASSETCATALOG_COMPILER_APPICON_NAME = AppIcon;
				CODE_SIGN_STYLE = Automatic;
				INFOPLIST_FILE = TestingPods/Info.plist;
				LD_RUNPATH_SEARCH_PATHS = "$(inherited) @executable_path/Frameworks";
				PRODUCT_BUNDLE_IDENTIFIER = SPHIERE.TestingPods;
				PRODUCT_NAME = "$(TARGET_NAME)";
				SWIFT_VERSION = 4.0;
				TARGETED_DEVICE_FAMILY = "1,2";
			};
			name = Debug;
		};
		882790A420ECC2A2006A74EA /* Release */ = {
			isa = XCBuildConfiguration;
			baseConfigurationReference = 59F699DAD431BA7928BFFAB7 /* Pods-TestingPods.release.xcconfig */;
			buildSettings = {
				ASSETCATALOG_COMPILER_APPICON_NAME = AppIcon;
				CODE_SIGN_STYLE = Automatic;
				INFOPLIST_FILE = TestingPods/Info.plist;
				LD_RUNPATH_SEARCH_PATHS = "$(inherited) @executable_path/Frameworks";
				PRODUCT_BUNDLE_IDENTIFIER = SPHIERE.TestingPods;
				PRODUCT_NAME = "$(TARGET_NAME)";
				SWIFT_VERSION = 4.0;
				TARGETED_DEVICE_FAMILY = "1,2";
			};
			name = Release;
		};
		882790A620ECC2A2006A74EA /* Debug */ = {
			isa = XCBuildConfiguration;
			baseConfigurationReference = E95C30D8A3D7AF985CE8208E /* Pods-TestingPodsTests.debug.xcconfig */;
			buildSettings = {
				ALWAYS_EMBED_SWIFT_STANDARD_LIBRARIES = YES;
				BUNDLE_LOADER = "$(TEST_HOST)";
				CODE_SIGN_STYLE = Automatic;
				INFOPLIST_FILE = TestingPodsTests/Info.plist;
				LD_RUNPATH_SEARCH_PATHS = "$(inherited) @executable_path/Frameworks @loader_path/Frameworks";
				PRODUCT_BUNDLE_IDENTIFIER = SPHIERE.TestingPodsTests;
				PRODUCT_NAME = "$(TARGET_NAME)";
				SWIFT_VERSION = 4.0;
				TARGETED_DEVICE_FAMILY = "1,2";
				TEST_HOST = "$(BUILT_PRODUCTS_DIR)/TestingPods.app/TestingPods";
			};
			name = Debug;
		};
		882790A720ECC2A2006A74EA /* Release */ = {
			isa = XCBuildConfiguration;
			baseConfigurationReference = 1691476FDA4FF9AAD296AAD3 /* Pods-TestingPodsTests.release.xcconfig */;
			buildSettings = {
				ALWAYS_EMBED_SWIFT_STANDARD_LIBRARIES = YES;
				BUNDLE_LOADER = "$(TEST_HOST)";
				CODE_SIGN_STYLE = Automatic;
				INFOPLIST_FILE = TestingPodsTests/Info.plist;
				LD_RUNPATH_SEARCH_PATHS = "$(inherited) @executable_path/Frameworks @loader_path/Frameworks";
				PRODUCT_BUNDLE_IDENTIFIER = SPHIERE.TestingPodsTests;
				PRODUCT_NAME = "$(TARGET_NAME)";
				SWIFT_VERSION = 4.0;
				TARGETED_DEVICE_FAMILY = "1,2";
				TEST_HOST = "$(BUILT_PRODUCTS_DIR)/TestingPods.app/TestingPods";
			};
			name = Release;
		};
		882790A920ECC2A2006A74EA /* Debug */ = {
			isa = XCBuildConfiguration;
			baseConfigurationReference = B97C38512800F796A95C5383 /* Pods-TestingPodsUITests.debug.xcconfig */;
			buildSettings = {
				ALWAYS_EMBED_SWIFT_STANDARD_LIBRARIES = YES;
				CODE_SIGN_STYLE = Automatic;
				INFOPLIST_FILE = TestingPodsUITests/Info.plist;
				LD_RUNPATH_SEARCH_PATHS = "$(inherited) @executable_path/Frameworks @loader_path/Frameworks";
				PRODUCT_BUNDLE_IDENTIFIER = SPHIERE.TestingPodsUITests;
				PRODUCT_NAME = "$(TARGET_NAME)";
				SWIFT_VERSION = 4.0;
				TARGETED_DEVICE_FAMILY = "1,2";
				TEST_TARGET_NAME = TestingPods;
			};
			name = Debug;
		};
		882790AA20ECC2A2006A74EA /* Release */ = {
			isa = XCBuildConfiguration;
			baseConfigurationReference = 25ECC8BC2A6B1240983E8904 /* Pods-TestingPodsUITests.release.xcconfig */;
			buildSettings = {
				ALWAYS_EMBED_SWIFT_STANDARD_LIBRARIES = YES;
				CODE_SIGN_STYLE = Automatic;
				INFOPLIST_FILE = TestingPodsUITests/Info.plist;
				LD_RUNPATH_SEARCH_PATHS = "$(inherited) @executable_path/Frameworks @loader_path/Frameworks";
				PRODUCT_BUNDLE_IDENTIFIER = SPHIERE.TestingPodsUITests;
				PRODUCT_NAME = "$(TARGET_NAME)";
				SWIFT_VERSION = 4.0;
				TARGETED_DEVICE_FAMILY = "1,2";
				TEST_TARGET_NAME = TestingPods;
			};
			name = Release;
		};
/* End XCBuildConfiguration section */

/* Begin XCConfigurationList section */
		8827907520ECC29F006A74EA /* Build configuration list for PBXProject "TestingPods" */ = {
			isa = XCConfigurationList;
			buildConfigurations = (
				882790A020ECC2A2006A74EA /* Debug */,
				882790A120ECC2A2006A74EA /* Release */,
			);
			defaultConfigurationIsVisible = 0;
			defaultConfigurationName = Release;
		};
		882790A220ECC2A2006A74EA /* Build configuration list for PBXNativeTarget "TestingPods" */ = {
			isa = XCConfigurationList;
			buildConfigurations = (
				882790A320ECC2A2006A74EA /* Debug */,
				882790A420ECC2A2006A74EA /* Release */,
			);
			defaultConfigurationIsVisible = 0;
			defaultConfigurationName = Release;
		};
		882790A520ECC2A2006A74EA /* Build configuration list for PBXNativeTarget "TestingPodsTests" */ = {
			isa = XCConfigurationList;
			buildConfigurations = (
				882790A620ECC2A2006A74EA /* Debug */,
				882790A720ECC2A2006A74EA /* Release */,
			);
			defaultConfigurationIsVisible = 0;
			defaultConfigurationName = Release;
		};
		882790A820ECC2A2006A74EA /* Build configuration list for PBXNativeTarget "TestingPodsUITests" */ = {
			isa = XCConfigurationList;
			buildConfigurations = (
				882790A920ECC2A2006A74EA /* Debug */,
				882790AA20ECC2A2006A74EA /* Release */,
			);
			defaultConfigurationIsVisible = 0;
			defaultConfigurationName = Release;
		};
/* End XCConfigurationList section */
	};
	rootObject = 8827907220ECC29F006A74EA /* Project object */;
}
